
Microsoft Visual Studio Solution File, Format Version 12.00
# Visual Studio 2012
Project("{FAE04EC0-301F-11D3-BF4B-00C04F79EFBC}") = "BMICalculator", "BMICalculator.csproj", "{9B816DED-86E9-401F-82A3-07C8B408D17B}"
EndProject
Global
	GlobalSection(SolutionConfigurationPlatforms) = preSolution
		Debug|iPhoneSimulator = Debug|iPhoneSimulator
		Release|iPhone = Release|iPhone
		Release|iPhoneSimulator = Release|iPhoneSimulator
		Debug|iPhone = Debug|iPhone
	EndGlobalSection
	GlobalSection(ProjectConfigurationPlatforms) = postSolution
		{9B816DED-86E9-401F-82A3-07C8B408D17B}.Debug|iPhoneSimulator.ActiveCfg = Debug|iPhoneSimulator
		{9B816DED-86E9-401F-82A3-07C8B408D17B}.Debug|iPhoneSimulator.Build.0 = Debug|iPhoneSimulator
		{9B816DED-86E9-401F-82A3-07C8B408D17B}.Release|iPhone.ActiveCfg = Release|iPhone
		{9B816DED-86E9-401F-82A3-07C8B408D17B}.Release|iPhone.Build.0 = Release|iPhone
		{9B816DED-86E9-401F-82A3-07C8B408D17B}.Release|iPhoneSimulator.ActiveCfg = Release|iPhoneSimulator
		{9B816DED-86E9-401F-82A3-07C8B408D17B}.Release|iPhoneSimulator.Build.0 = Release|iPhoneSimulator
		{9B816DED-86E9-401F-82A3-07C8B408D17B}.Debug|iPhone.ActiveCfg = Debug|iPhone
		{9B816DED-86E9-401F-82A3-07C8B408D17B}.Debug|iPhone.Build.0 = Debug|iPhone
	EndGlobalSection
EndGlobal
